
Microsoft Visual Studio Solution File, Format Version 12.00
# Visual Studio 15
VisualStudioVersion = 15.0.28010.2036
MinimumVisualStudioVersion = 10.0.40219.1
Project("{FAE04EC0-301F-11D3-BF4B-00C04F79EFBC}") = "Burgershack.Data", "Source\Burgershack.Data\Burgershack.Data.csproj", "{5A9591D3-0BE5-4E87-80B3-02330DBA26F4}"
EndProject
Project("{FAE04EC0-301F-11D3-BF4B-00C04F79EFBC}") = "Burgershack.Entities", "Source\Burgershack.Entities\Burgershack.Entities.csproj", "{E1542FF6-1C96-44CC-BF44-25A84FCCAB26}"
EndProject
Project("{FAE04EC0-301F-11D3-BF4B-00C04F79EFBC}") = "Burgershack.Business", "Source\Burgershack.Business\Burgershack.Business.csproj", "{C531E908-A30C-40F9-B082-FEBE8BF4195B}"
EndProject
Project("{FAE04EC0-301F-11D3-BF4B-00C04F79EFBC}") = "Burgershack.Web", "Burgershack.Web\Burgershack.Web.csproj", "{EBE6DCCB-A5D4-4C3C-9B9B-89CB9C7664AC}"
EndProject
Global
	GlobalSection(SolutionConfigurationPlatforms) = preSolution
		Debug|Any CPU = Debug|Any CPU
		Release|Any CPU = Release|Any CPU
	EndGlobalSection
	GlobalSection(ProjectConfigurationPlatforms) = postSolution
		{5A9591D3-0BE5-4E87-80B3-02330DBA26F4}.Debug|Any CPU.ActiveCfg = Debug|Any CPU
		{5A9591D3-0BE5-4E87-80B3-02330DBA26F4}.Debug|Any CPU.Build.0 = Debug|Any CPU
		{5A9591D3-0BE5-4E87-80B3-02330DBA26F4}.Release|Any CPU.ActiveCfg = Release|Any CPU
		{5A9591D3-0BE5-4E87-80B3-02330DBA26F4}.Release|Any CPU.Build.0 = Release|Any CPU
		{E1542FF6-1C96-44CC-BF44-25A84FCCAB26}.Debug|Any CPU.ActiveCfg = Debug|Any CPU
		{E1542FF6-1C96-44CC-BF44-25A84FCCAB26}.Debug|Any CPU.Build.0 = Debug|Any CPU
		{E1542FF6-1C96-44CC-BF44-25A84FCCAB26}.Release|Any CPU.ActiveCfg = Release|Any CPU
		{E1542FF6-1C96-44CC-BF44-25A84FCCAB26}.Release|Any CPU.Build.0 = Release|Any CPU
		{C531E908-A30C-40F9-B082-FEBE8BF4195B}.Debug|Any CPU.ActiveCfg = Debug|Any CPU
		{C531E908-A30C-40F9-B082-FEBE8BF4195B}.Debug|Any CPU.Build.0 = Debug|Any CPU
		{C531E908-A30C-40F9-B082-FEBE8BF4195B}.Release|Any CPU.ActiveCfg = Release|Any CPU
		{C531E908-A30C-40F9-B082-FEBE8BF4195B}.Release|Any CPU.Build.0 = Release|Any CPU
		{EBE6DCCB-A5D4-4C3C-9B9B-89CB9C7664AC}.Debug|Any CPU.ActiveCfg = Debug|Any CPU
		{EBE6DCCB-A5D4-4C3C-9B9B-89CB9C7664AC}.Debug|Any CPU.Build.0 = Debug|Any CPU
		{EBE6DCCB-A5D4-4C3C-9B9B-89CB9C7664AC}.Release|Any CPU.ActiveCfg = Release|Any CPU
		{EBE6DCCB-A5D4-4C3C-9B9B-89CB9C7664AC}.Release|Any CPU.Build.0 = Release|Any CPU
	EndGlobalSection
	GlobalSection(SolutionProperties) = preSolution
		HideSolutionNode = FALSE
	EndGlobalSection
	GlobalSection(ExtensibilityGlobals) = postSolution
		SolutionGuid = {C5555688-1A2C-4407-8C73-892589445816}
	EndGlobalSection
EndGlobal
